// !$*UTF8*$!
{
	archiveVersion = 1;
	classes = {
	};
	objectVersion = 56;
	objects = {

/* Begin PBXBuildFile section */
		A309F5142A223CDC00180AE3 /* MoveFilter.swift in Sources */ = {isa = PBXBuildFile; fileRef = A309F5132A223CDC00180AE3 /* MoveFilter.swift */; };
		A31179152A967C7A007F4F18 /* Game.swift in Sources */ = {isa = PBXBuildFile; fileRef = A31179142A967C79007F4F18 /* Game.swift */; };
		A31179172A967D03007F4F18 /* HistoryItemView.swift in Sources */ = {isa = PBXBuildFile; fileRef = A31179162A967D03007F4F18 /* HistoryItemView.swift */; };
		A3370E8B2A20D3C30040B7B1 /* MoveCreator.swift in Sources */ = {isa = PBXBuildFile; fileRef = A3370E8A2A20D3C30040B7B1 /* MoveCreator.swift */; };
		A36799B62A0BB9AF00F56B46 /* ChessGameApp.swift in Sources */ = {isa = PBXBuildFile; fileRef = A36799B52A0BB9AF00F56B46 /* ChessGameApp.swift */; };
		A36799B82A0BB9AF00F56B46 /* MainMenuView.swift in Sources */ = {isa = PBXBuildFile; fileRef = A36799B72A0BB9AF00F56B46 /* MainMenuView.swift */; };
		A36799BA2A0BB9B400F56B46 /* Assets.xcassets in Resources */ = {isa = PBXBuildFile; fileRef = A36799B92A0BB9B400F56B46 /* Assets.xcassets */; };
		A36799BD2A0BB9B400F56B46 /* Preview Assets.xcassets in Resources */ = {isa = PBXBuildFile; fileRef = A36799BC2A0BB9B400F56B46 /* Preview Assets.xcassets */; };
		A36799C52A0BBA3200F56B46 /* Alliance.swift in Sources */ = {isa = PBXBuildFile; fileRef = A36799C42A0BBA3200F56B46 /* Alliance.swift */; };
		A36799C72A0BBA4C00F56B46 /* PieceType.swift in Sources */ = {isa = PBXBuildFile; fileRef = A36799C62A0BBA4C00F56B46 /* PieceType.swift */; };
		A36799C92A0BBB0000F56B46 /* Tile.swift in Sources */ = {isa = PBXBuildFile; fileRef = A36799C82A0BBB0000F56B46 /* Tile.swift */; };
		A36799CC2A0BBB2500F56B46 /* Piece.swift in Sources */ = {isa = PBXBuildFile; fileRef = A36799CB2A0BBB2500F56B46 /* Piece.swift */; };
		A38BDBD02A1BA9E200E62583 /* GameView.swift in Sources */ = {isa = PBXBuildFile; fileRef = A38BDBCF2A1BA9E200E62583 /* GameView.swift */; };
		A38D87602A1E853500C41E9A /* BoardViewModel.swift in Sources */ = {isa = PBXBuildFile; fileRef = A38D875F2A1E853500C41E9A /* BoardViewModel.swift */; };
		A38D87622A1F9BDC00C41E9A /* TileView.swift in Sources */ = {isa = PBXBuildFile; fileRef = A38D87612A1F9BDC00C41E9A /* TileView.swift */; };
		A39278F02A9FC4E3000CC0D6 /* BoardView.swift in Sources */ = {isa = PBXBuildFile; fileRef = A39278EF2A9FC4E3000CC0D6 /* BoardView.swift */; };
		A39F4B552A89227D0084CC3E /* ViewProperties.swift in Sources */ = {isa = PBXBuildFile; fileRef = A39F4B542A89227D0084CC3E /* ViewProperties.swift */; };
		A39F4B582A892E790084CC3E /* FirebaseAuth in Frameworks */ = {isa = PBXBuildFile; productRef = A39F4B572A892E790084CC3E /* FirebaseAuth */; };
		A39F4B5A2A892E790084CC3E /* FirebaseDatabase in Frameworks */ = {isa = PBXBuildFile; productRef = A39F4B592A892E790084CC3E /* FirebaseDatabase */; };
		A39F4B5C2A892E790084CC3E /* FirebaseFirestore in Frameworks */ = {isa = PBXBuildFile; productRef = A39F4B5B2A892E790084CC3E /* FirebaseFirestore */; };
		A39F4B5E2A892FBF0084CC3E /* GoogleService-Info.plist in Resources */ = {isa = PBXBuildFile; fileRef = A39F4B5D2A892FBF0084CC3E /* GoogleService-Info.plist */; };
		A3AF98382A0ED57000CE3FB2 /* SignInView.swift in Sources */ = {isa = PBXBuildFile; fileRef = A3AF98372A0ED57000CE3FB2 /* SignInView.swift */; };
		A3D0647A2A9A6BBF00F6A379 /* AccountManager.swift in Sources */ = {isa = PBXBuildFile; fileRef = A3D064792A9A6BBF00F6A379 /* AccountManager.swift */; };
		A3D0647C2A9A9EB000F6A379 /* SinglePlayerOptions.swift in Sources */ = {isa = PBXBuildFile; fileRef = A3D0647B2A9A9EB000F6A379 /* SinglePlayerOptions.swift */; };
		A3D0647E2A9AA34000F6A379 /* GameSettings.swift in Sources */ = {isa = PBXBuildFile; fileRef = A3D0647D2A9AA34000F6A379 /* GameSettings.swift */; };
		A3D301022A21EFE600882F48 /* PromotionView.swift in Sources */ = {isa = PBXBuildFile; fileRef = A3D301012A21EFE600882F48 /* PromotionView.swift */; };
		A3D301042A2220E300882F48 /* GameViewModel.swift in Sources */ = {isa = PBXBuildFile; fileRef = A3D301032A2220E300882F48 /* GameViewModel.swift */; };
		A3DA83712A877D1B003EF2EB /* LogInView.swift in Sources */ = {isa = PBXBuildFile; fileRef = A3DA83702A877D1B003EF2EB /* LogInView.swift */; };
		A3DAD6EE2A97E97300A3B0F2 /* Account.swift in Sources */ = {isa = PBXBuildFile; fileRef = A3DAD6ED2A97E97300A3B0F2 /* Account.swift */; };
		A3E22A0E2A1D0A0B0007B860 /* Move.swift in Sources */ = {isa = PBXBuildFile; fileRef = A3E22A0D2A1D0A0B0007B860 /* Move.swift */; };
		A3EFFF2E2A0EE672006487E2 /* VarelaRound-Regular.ttf in Resources */ = {isa = PBXBuildFile; fileRef = A3EFFF2D2A0EE672006487E2 /* VarelaRound-Regular.ttf */; };
		A3EFFF322A0EEA42006487E2 /* ButtonView.swift in Sources */ = {isa = PBXBuildFile; fileRef = A3EFFF312A0EEA42006487E2 /* ButtonView.swift */; };
		A3F161A52A7E81A000DC59B1 /* SplashScreenView.swift in Sources */ = {isa = PBXBuildFile; fileRef = A3F161A42A7E81A000DC59B1 /* SplashScreenView.swift */; };
		A3FF2FC32A25EC8A00644AC0 /* OptionsButtonView.swift in Sources */ = {isa = PBXBuildFile; fileRef = A3FF2FC22A25EC8A00644AC0 /* OptionsButtonView.swift */; };
/* End PBXBuildFile section */

/* Begin PBXFileReference section */
		A309F5132A223CDC00180AE3 /* MoveFilter.swift */ = {isa = PBXFileReference; lastKnownFileType = sourcecode.swift; path = MoveFilter.swift; sourceTree = "<group>"; };
		A31179142A967C79007F4F18 /* Game.swift */ = {isa = PBXFileReference; lastKnownFileType = sourcecode.swift; path = Game.swift; sourceTree = "<group>"; };
		A31179162A967D03007F4F18 /* HistoryItemView.swift */ = {isa = PBXFileReference; lastKnownFileType = sourcecode.swift; path = HistoryItemView.swift; sourceTree = "<group>"; };
		A3370E8A2A20D3C30040B7B1 /* MoveCreator.swift */ = {isa = PBXFileReference; lastKnownFileType = sourcecode.swift; path = MoveCreator.swift; sourceTree = "<group>"; };
		A36799B22A0BB9AF00F56B46 /* ChessGame.app */ = {isa = PBXFileReference; explicitFileType = wrapper.application; includeInIndex = 0; path = ChessGame.app; sourceTree = BUILT_PRODUCTS_DIR; };
		A36799B52A0BB9AF00F56B46 /* ChessGameApp.swift */ = {isa = PBXFileReference; lastKnownFileType = sourcecode.swift; path = ChessGameApp.swift; sourceTree = "<group>"; };
		A36799B72A0BB9AF00F56B46 /* MainMenuView.swift */ = {isa = PBXFileReference; lastKnownFileType = sourcecode.swift; path = MainMenuView.swift; sourceTree = "<group>"; usesTabs = 0; };
		A36799B92A0BB9B400F56B46 /* Assets.xcassets */ = {isa = PBXFileReference; lastKnownFileType = folder.assetcatalog; path = Assets.xcassets; sourceTree = "<group>"; };
		A36799BC2A0BB9B400F56B46 /* Preview Assets.xcassets */ = {isa = PBXFileReference; lastKnownFileType = folder.assetcatalog; path = "Preview Assets.xcassets"; sourceTree = "<group>"; };
		A36799C42A0BBA3200F56B46 /* Alliance.swift */ = {isa = PBXFileReference; lastKnownFileType = sourcecode.swift; path = Alliance.swift; sourceTree = "<group>"; };
		A36799C62A0BBA4C00F56B46 /* PieceType.swift */ = {isa = PBXFileReference; lastKnownFileType = sourcecode.swift; path = PieceType.swift; sourceTree = "<group>"; };
		A36799C82A0BBB0000F56B46 /* Tile.swift */ = {isa = PBXFileReference; lastKnownFileType = sourcecode.swift; path = Tile.swift; sourceTree = "<group>"; };
		A36799CB2A0BBB2500F56B46 /* Piece.swift */ = {isa = PBXFileReference; lastKnownFileType = sourcecode.swift; path = Piece.swift; sourceTree = "<group>"; };
		A38BDBCF2A1BA9E200E62583 /* GameView.swift */ = {isa = PBXFileReference; lastKnownFileType = sourcecode.swift; path = GameView.swift; sourceTree = "<group>"; };
		A38D875F2A1E853500C41E9A /* BoardViewModel.swift */ = {isa = PBXFileReference; lastKnownFileType = sourcecode.swift; path = BoardViewModel.swift; sourceTree = "<group>"; };
		A38D87612A1F9BDC00C41E9A /* TileView.swift */ = {isa = PBXFileReference; lastKnownFileType = sourcecode.swift; path = TileView.swift; sourceTree = "<group>"; };
		A39278EF2A9FC4E3000CC0D6 /* BoardView.swift */ = {isa = PBXFileReference; lastKnownFileType = sourcecode.swift; path = BoardView.swift; sourceTree = "<group>"; };
		A39F4B542A89227D0084CC3E /* ViewProperties.swift */ = {isa = PBXFileReference; lastKnownFileType = sourcecode.swift; path = ViewProperties.swift; sourceTree = "<group>"; };
		A39F4B5D2A892FBF0084CC3E /* GoogleService-Info.plist */ = {isa = PBXFileReference; fileEncoding = 4; lastKnownFileType = text.plist.xml; path = "GoogleService-Info.plist"; sourceTree = "<group>"; };
		A3AF98372A0ED57000CE3FB2 /* SignInView.swift */ = {isa = PBXFileReference; lastKnownFileType = sourcecode.swift; path = SignInView.swift; sourceTree = "<group>"; };
		A3D064792A9A6BBF00F6A379 /* AccountManager.swift */ = {isa = PBXFileReference; lastKnownFileType = sourcecode.swift; path = AccountManager.swift; sourceTree = "<group>"; };
		A3D0647B2A9A9EB000F6A379 /* SinglePlayerOptions.swift */ = {isa = PBXFileReference; lastKnownFileType = sourcecode.swift; path = SinglePlayerOptions.swift; sourceTree = "<group>"; };
		A3D0647D2A9AA34000F6A379 /* GameSettings.swift */ = {isa = PBXFileReference; lastKnownFileType = sourcecode.swift; path = GameSettings.swift; sourceTree = "<group>"; };
		A3D301012A21EFE600882F48 /* PromotionView.swift */ = {isa = PBXFileReference; lastKnownFileType = sourcecode.swift; path = PromotionView.swift; sourceTree = "<group>"; };
		A3D301032A2220E300882F48 /* GameViewModel.swift */ = {isa = PBXFileReference; lastKnownFileType = sourcecode.swift; path = GameViewModel.swift; sourceTree = "<group>"; };
		A3DA83702A877D1B003EF2EB /* LogInView.swift */ = {isa = PBXFileReference; lastKnownFileType = sourcecode.swift; path = LogInView.swift; sourceTree = "<group>"; };
		A3DAD6ED2A97E97300A3B0F2 /* Account.swift */ = {isa = PBXFileReference; lastKnownFileType = sourcecode.swift; path = Account.swift; sourceTree = "<group>"; };
		A3E22A0D2A1D0A0B0007B860 /* Move.swift */ = {isa = PBXFileReference; lastKnownFileType = sourcecode.swift; path = Move.swift; sourceTree = "<group>"; };
		A3EFFF2D2A0EE672006487E2 /* VarelaRound-Regular.ttf */ = {isa = PBXFileReference; lastKnownFileType = file; path = "VarelaRound-Regular.ttf"; sourceTree = "<group>"; };
		A3EFFF2F2A0EE824006487E2 /* Info.plist */ = {isa = PBXFileReference; lastKnownFileType = text.plist; path = Info.plist; sourceTree = "<group>"; };
		A3EFFF312A0EEA42006487E2 /* ButtonView.swift */ = {isa = PBXFileReference; lastKnownFileType = sourcecode.swift; path = ButtonView.swift; sourceTree = "<group>"; };
		A3F161A42A7E81A000DC59B1 /* SplashScreenView.swift */ = {isa = PBXFileReference; lastKnownFileType = sourcecode.swift; path = SplashScreenView.swift; sourceTree = "<group>"; };
		A3FF2FC22A25EC8A00644AC0 /* OptionsButtonView.swift */ = {isa = PBXFileReference; lastKnownFileType = sourcecode.swift; path = OptionsButtonView.swift; sourceTree = "<group>"; };
/* End PBXFileReference section */

/* Begin PBXFrameworksBuildPhase section */
		A36799AF2A0BB9AF00F56B46 /* Frameworks */ = {
			isa = PBXFrameworksBuildPhase;
			buildActionMask = 2147483647;
			files = (
				A39F4B5A2A892E790084CC3E /* FirebaseDatabase in Frameworks */,
				A39F4B582A892E790084CC3E /* FirebaseAuth in Frameworks */,
				A39F4B5C2A892E790084CC3E /* FirebaseFirestore in Frameworks */,
			);
			runOnlyForDeploymentPostprocessing = 0;
		};
/* End PBXFrameworksBuildPhase section */

/* Begin PBXGroup section */
		A3370E892A20D3AA0040B7B1 /* Logic */ = {
			isa = PBXGroup;
			children = (
				A3370E8A2A20D3C30040B7B1 /* MoveCreator.swift */,
				A309F5132A223CDC00180AE3 /* MoveFilter.swift */,
			);
			path = Logic;
			sourceTree = "<group>";
		};
		A36799A92A0BB9AF00F56B46 = {
			isa = PBXGroup;
			children = (
				A36799B42A0BB9AF00F56B46 /* ChessGame */,
				A36799B32A0BB9AF00F56B46 /* Products */,
			);
			sourceTree = "<group>";
		};
		A36799B32A0BB9AF00F56B46 /* Products */ = {
			isa = PBXGroup;
			children = (
				A36799B22A0BB9AF00F56B46 /* ChessGame.app */,
			);
			name = Products;
			sourceTree = "<group>";
		};
		A36799B42A0BB9AF00F56B46 /* ChessGame */ = {
			isa = PBXGroup;
			children = (
				A3370E892A20D3AA0040B7B1 /* Logic */,
				A3EFFF2F2A0EE824006487E2 /* Info.plist */,
				A3EFFF2C2A0EE660006487E2 /* Font */,
				A36799D22A0BBDC000F56B46 /* ViewModel */,
				A36799D12A0BBDB700F56B46 /* View */,
				A36799C32A0BBA0800F56B46 /* Model */,
				A36799B52A0BB9AF00F56B46 /* ChessGameApp.swift */,
				A39F4B5D2A892FBF0084CC3E /* GoogleService-Info.plist */,
				A36799B92A0BB9B400F56B46 /* Assets.xcassets */,
				A36799BB2A0BB9B400F56B46 /* Preview Content */,
			);
			path = ChessGame;
			sourceTree = "<group>";
		};
		A36799BB2A0BB9B400F56B46 /* Preview Content */ = {
			isa = PBXGroup;
			children = (
				A36799BC2A0BB9B400F56B46 /* Preview Assets.xcassets */,
			);
			path = "Preview Content";
			sourceTree = "<group>";
		};
		A36799C32A0BBA0800F56B46 /* Model */ = {
			isa = PBXGroup;
			children = (
				A36799CA2A0BBB1500F56B46 /* Pieces */,
				A36799C42A0BBA3200F56B46 /* Alliance.swift */,
				A36799C62A0BBA4C00F56B46 /* PieceType.swift */,
				A36799C82A0BBB0000F56B46 /* Tile.swift */,
				A3E22A0D2A1D0A0B0007B860 /* Move.swift */,
				A31179142A967C79007F4F18 /* Game.swift */,
				A3DAD6ED2A97E97300A3B0F2 /* Account.swift */,
			);
			path = Model;
			sourceTree = "<group>";
		};
		A36799CA2A0BBB1500F56B46 /* Pieces */ = {
			isa = PBXGroup;
			children = (
				A36799CB2A0BBB2500F56B46 /* Piece.swift */,
			);
			path = Pieces;
			sourceTree = "<group>";
		};
		A36799D12A0BBDB700F56B46 /* View */ = {
			isa = PBXGroup;
			children = (
				A3F161A32A7E7FED00DC59B1 /* SplashScreen */,
				A36799B72A0BB9AF00F56B46 /* MainMenuView.swift */,
				A3AF98372A0ED57000CE3FB2 /* SignInView.swift */,
				A3EFFF312A0EEA42006487E2 /* ButtonView.swift */,
				A38BDBCF2A1BA9E200E62583 /* GameView.swift */,
				A38D87612A1F9BDC00C41E9A /* TileView.swift */,
				A3D301012A21EFE600882F48 /* PromotionView.swift */,
				A3FF2FC22A25EC8A00644AC0 /* OptionsButtonView.swift */,
				A3DA83702A877D1B003EF2EB /* LogInView.swift */,
				A39F4B542A89227D0084CC3E /* ViewProperties.swift */,
				A31179162A967D03007F4F18 /* HistoryItemView.swift */,
				A3D0647B2A9A9EB000F6A379 /* SinglePlayerOptions.swift */,
				A39278EF2A9FC4E3000CC0D6 /* BoardView.swift */,
			);
			path = View;
			sourceTree = "<group>";
		};
		A36799D22A0BBDC000F56B46 /* ViewModel */ = {
			isa = PBXGroup;
			children = (
				A38D875F2A1E853500C41E9A /* BoardViewModel.swift */,
				A3D301032A2220E300882F48 /* GameViewModel.swift */,
				A3D064792A9A6BBF00F6A379 /* AccountManager.swift */,
				A3D0647D2A9AA34000F6A379 /* GameSettings.swift */,
			);
			path = ViewModel;
			sourceTree = "<group>";
		};
		A3EFFF2C2A0EE660006487E2 /* Font */ = {
			isa = PBXGroup;
			children = (
				A3EFFF2D2A0EE672006487E2 /* VarelaRound-Regular.ttf */,
			);
			path = Font;
			sourceTree = "<group>";
		};
		A3F161A32A7E7FED00DC59B1 /* SplashScreen */ = {
			isa = PBXGroup;
			children = (
				A3F161A42A7E81A000DC59B1 /* SplashScreenView.swift */,
			);
			path = SplashScreen;
			sourceTree = "<group>";
		};
/* End PBXGroup section */

/* Begin PBXNativeTarget section */
		A36799B12A0BB9AF00F56B46 /* ChessGame */ = {
			isa = PBXNativeTarget;
			buildConfigurationList = A36799C02A0BB9B400F56B46 /* Build configuration list for PBXNativeTarget "ChessGame" */;
			buildPhases = (
				A36799AE2A0BB9AF00F56B46 /* Sources */,
				A36799AF2A0BB9AF00F56B46 /* Frameworks */,
				A36799B02A0BB9AF00F56B46 /* Resources */,
			);
			buildRules = (
			);
			dependencies = (
			);
			name = ChessGame;
			packageProductDependencies = (
				A39F4B572A892E790084CC3E /* FirebaseAuth */,
				A39F4B592A892E790084CC3E /* FirebaseDatabase */,
				A39F4B5B2A892E790084CC3E /* FirebaseFirestore */,
			);
			productName = ChessGame;
			productReference = A36799B22A0BB9AF00F56B46 /* ChessGame.app */;
			productType = "com.apple.product-type.application";
		};
/* End PBXNativeTarget section */

/* Begin PBXProject section */
		A36799AA2A0BB9AF00F56B46 /* Project object */ = {
			isa = PBXProject;
			attributes = {
				BuildIndependentTargetsInParallel = 1;
				LastSwiftUpdateCheck = 1420;
				LastUpgradeCheck = 1420;
				TargetAttributes = {
					A36799B12A0BB9AF00F56B46 = {
						CreatedOnToolsVersion = 14.2;
					};
				};
			};
			buildConfigurationList = A36799AD2A0BB9AF00F56B46 /* Build configuration list for PBXProject "ChessGame" */;
			compatibilityVersion = "Xcode 14.0";
			developmentRegion = en;
			hasScannedForEncodings = 0;
			knownRegions = (
				en,
				Base,
			);
			mainGroup = A36799A92A0BB9AF00F56B46;
			packageReferences = (
				A39F4B562A892E790084CC3E /* XCRemoteSwiftPackageReference "firebase-ios-sdk" */,
			);
			productRefGroup = A36799B32A0BB9AF00F56B46 /* Products */;
			projectDirPath = "";
			projectRoot = "";
			targets = (
				A36799B12A0BB9AF00F56B46 /* ChessGame */,
			);
		};
/* End PBXProject section */

/* Begin PBXResourcesBuildPhase section */
		A36799B02A0BB9AF00F56B46 /* Resources */ = {
			isa = PBXResourcesBuildPhase;
			buildActionMask = 2147483647;
			files = (
				A36799BD2A0BB9B400F56B46 /* Preview Assets.xcassets in Resources */,
				A39F4B5E2A892FBF0084CC3E /* GoogleService-Info.plist in Resources */,
				A36799BA2A0BB9B400F56B46 /* Assets.xcassets in Resources */,
				A3EFFF2E2A0EE672006487E2 /* VarelaRound-Regular.ttf in Resources */,
			);
			runOnlyForDeploymentPostprocessing = 0;
		};
/* End PBXResourcesBuildPhase section */

/* Begin PBXSourcesBuildPhase section */
		A36799AE2A0BB9AF00F56B46 /* Sources */ = {
			isa = PBXSourcesBuildPhase;
			buildActionMask = 2147483647;
			files = (
				A3E22A0E2A1D0A0B0007B860 /* Move.swift in Sources */,
				A36799B82A0BB9AF00F56B46 /* MainMenuView.swift in Sources */,
				A3D0647E2A9AA34000F6A379 /* GameSettings.swift in Sources */,
				A3D301022A21EFE600882F48 /* PromotionView.swift in Sources */,
				A3D301042A2220E300882F48 /* GameViewModel.swift in Sources */,
				A31179172A967D03007F4F18 /* HistoryItemView.swift in Sources */,
				A39278F02A9FC4E3000CC0D6 /* BoardView.swift in Sources */,
				A3AF98382A0ED57000CE3FB2 /* SignInView.swift in Sources */,
				A3EFFF322A0EEA42006487E2 /* ButtonView.swift in Sources */,
				A36799C52A0BBA3200F56B46 /* Alliance.swift in Sources */,
				A3DAD6EE2A97E97300A3B0F2 /* Account.swift in Sources */,
				A36799CC2A0BBB2500F56B46 /* Piece.swift in Sources */,
				A309F5142A223CDC00180AE3 /* MoveFilter.swift in Sources */,
				A36799C92A0BBB0000F56B46 /* Tile.swift in Sources */,
				A3D0647C2A9A9EB000F6A379 /* SinglePlayerOptions.swift in Sources */,
				A3DA83712A877D1B003EF2EB /* LogInView.swift in Sources */,
				A38BDBD02A1BA9E200E62583 /* GameView.swift in Sources */,
				A3F161A52A7E81A000DC59B1 /* SplashScreenView.swift in Sources */,
				A3FF2FC32A25EC8A00644AC0 /* OptionsButtonView.swift in Sources */,
				A36799C72A0BBA4C00F56B46 /* PieceType.swift in Sources */,
				A39F4B552A89227D0084CC3E /* ViewProperties.swift in Sources */,
				A31179152A967C7A007F4F18 /* Game.swift in Sources */,
				A36799B62A0BB9AF00F56B46 /* ChessGameApp.swift in Sources */,
				A38D87622A1F9BDC00C41E9A /* TileView.swift in Sources */,
				A38D87602A1E853500C41E9A /* BoardViewModel.swift in Sources */,
				A3370E8B2A20D3C30040B7B1 /* MoveCreator.swift in Sources */,
				A3D0647A2A9A6BBF00F6A379 /* AccountManager.swift in Sources */,
			);
			runOnlyForDeploymentPostprocessing = 0;
		};
/* End PBXSourcesBuildPhase section */

/* Begin XCBuildConfiguration section */
		A36799BE2A0BB9B400F56B46 /* Debug */ = {
			isa = XCBuildConfiguration;
			buildSettings = {
				ALWAYS_SEARCH_USER_PATHS = NO;
				CLANG_ANALYZER_NONNULL = YES;
				CLANG_ANALYZER_NUMBER_OBJECT_CONVERSION = YES_AGGRESSIVE;
				CLANG_CXX_LANGUAGE_STANDARD = "gnu++20";
				CLANG_ENABLE_MODULES = YES;
				CLANG_ENABLE_OBJC_ARC = YES;
				CLANG_ENABLE_OBJC_WEAK = YES;
				CLANG_WARN_BLOCK_CAPTURE_AUTORELEASING = YES;
				CLANG_WARN_BOOL_CONVERSION = YES;
				CLANG_WARN_COMMA = YES;
				CLANG_WARN_CONSTANT_CONVERSION = YES;
				CLANG_WARN_DEPRECATED_OBJC_IMPLEMENTATIONS = YES;
				CLANG_WARN_DIRECT_OBJC_ISA_USAGE = YES_ERROR;
				CLANG_WARN_DOCUMENTATION_COMMENTS = YES;
				CLANG_WARN_EMPTY_BODY = YES;
				CLANG_WARN_ENUM_CONVERSION = YES;
				CLANG_WARN_INFINITE_RECURSION = YES;
				CLANG_WARN_INT_CONVERSION = YES;
				CLANG_WARN_NON_LITERAL_NULL_CONVERSION = YES;
				CLANG_WARN_OBJC_IMPLICIT_RETAIN_SELF = YES;
				CLANG_WARN_OBJC_LITERAL_CONVERSION = YES;
				CLANG_WARN_OBJC_ROOT_CLASS = YES_ERROR;
				CLANG_WARN_QUOTED_INCLUDE_IN_FRAMEWORK_HEADER = YES;
				CLANG_WARN_RANGE_LOOP_ANALYSIS = YES;
				CLANG_WARN_STRICT_PROTOTYPES = YES;
				CLANG_WARN_SUSPICIOUS_MOVE = YES;
				CLANG_WARN_UNGUARDED_AVAILABILITY = YES_AGGRESSIVE;
				CLANG_WARN_UNREACHABLE_CODE = YES;
				CLANG_WARN__DUPLICATE_METHOD_MATCH = YES;
				COPY_PHASE_STRIP = NO;
				DEBUG_INFORMATION_FORMAT = dwarf;
				ENABLE_STRICT_OBJC_MSGSEND = YES;
				ENABLE_TESTABILITY = YES;
				GCC_C_LANGUAGE_STANDARD = gnu11;
				GCC_DYNAMIC_NO_PIC = NO;
				GCC_NO_COMMON_BLOCKS = YES;
				GCC_OPTIMIZATION_LEVEL = 0;
				GCC_PREPROCESSOR_DEFINITIONS = (
					"DEBUG=1",
					"$(inherited)",
				);
				GCC_WARN_64_TO_32_BIT_CONVERSION = YES;
				GCC_WARN_ABOUT_RETURN_TYPE = YES_ERROR;
				GCC_WARN_UNDECLARED_SELECTOR = YES;
				GCC_WARN_UNINITIALIZED_AUTOS = YES_AGGRESSIVE;
				GCC_WARN_UNUSED_FUNCTION = YES;
				GCC_WARN_UNUSED_VARIABLE = YES;
				IPHONEOS_DEPLOYMENT_TARGET = 16.2;
				MTL_ENABLE_DEBUG_INFO = INCLUDE_SOURCE;
				MTL_FAST_MATH = YES;
				ONLY_ACTIVE_ARCH = YES;
				SDKROOT = iphoneos;
				SWIFT_ACTIVE_COMPILATION_CONDITIONS = DEBUG;
				SWIFT_OPTIMIZATION_LEVEL = "-Onone";
			};
			name = Debug;
		};
		A36799BF2A0BB9B400F56B46 /* Release */ = {
			isa = XCBuildConfiguration;
			buildSettings = {
				ALWAYS_SEARCH_USER_PATHS = NO;
				CLANG_ANALYZER_NONNULL = YES;
				CLANG_ANALYZER_NUMBER_OBJECT_CONVERSION = YES_AGGRESSIVE;
				CLANG_CXX_LANGUAGE_STANDARD = "gnu++20";
				CLANG_ENABLE_MODULES = YES;
				CLANG_ENABLE_OBJC_ARC = YES;
				CLANG_ENABLE_OBJC_WEAK = YES;
				CLANG_WARN_BLOCK_CAPTURE_AUTORELEASING = YES;
				CLANG_WARN_BOOL_CONVERSION = YES;
				CLANG_WARN_COMMA = YES;
				CLANG_WARN_CONSTANT_CONVERSION = YES;
				CLANG_WARN_DEPRECATED_OBJC_IMPLEMENTATIONS = YES;
				CLANG_WARN_DIRECT_OBJC_ISA_USAGE = YES_ERROR;
				CLANG_WARN_DOCUMENTATION_COMMENTS = YES;
				CLANG_WARN_EMPTY_BODY = YES;
				CLANG_WARN_ENUM_CONVERSION = YES;
				CLANG_WARN_INFINITE_RECURSION = YES;
				CLANG_WARN_INT_CONVERSION = YES;
				CLANG_WARN_NON_LITERAL_NULL_CONVERSION = YES;
				CLANG_WARN_OBJC_IMPLICIT_RETAIN_SELF = YES;
				CLANG_WARN_OBJC_LITERAL_CONVERSION = YES;
				CLANG_WARN_OBJC_ROOT_CLASS = YES_ERROR;
				CLANG_WARN_QUOTED_INCLUDE_IN_FRAMEWORK_HEADER = YES;
				CLANG_WARN_RANGE_LOOP_ANALYSIS = YES;
				CLANG_WARN_STRICT_PROTOTYPES = YES;
				CLANG_WARN_SUSPICIOUS_MOVE = YES;
				CLANG_WARN_UNGUARDED_AVAILABILITY = YES_AGGRESSIVE;
				CLANG_WARN_UNREACHABLE_CODE = YES;
				CLANG_WARN__DUPLICATE_METHOD_MATCH = YES;
				COPY_PHASE_STRIP = NO;
				DEBUG_INFORMATION_FORMAT = "dwarf-with-dsym";
				ENABLE_NS_ASSERTIONS = NO;
				ENABLE_STRICT_OBJC_MSGSEND = YES;
				GCC_C_LANGUAGE_STANDARD = gnu11;
				GCC_NO_COMMON_BLOCKS = YES;
				GCC_WARN_64_TO_32_BIT_CONVERSION = YES;
				GCC_WARN_ABOUT_RETURN_TYPE = YES_ERROR;
				GCC_WARN_UNDECLARED_SELECTOR = YES;
				GCC_WARN_UNINITIALIZED_AUTOS = YES_AGGRESSIVE;
				GCC_WARN_UNUSED_FUNCTION = YES;
				GCC_WARN_UNUSED_VARIABLE = YES;
				IPHONEOS_DEPLOYMENT_TARGET = 16.2;
				MTL_ENABLE_DEBUG_INFO = NO;
				MTL_FAST_MATH = YES;
				SDKROOT = iphoneos;
				SWIFT_COMPILATION_MODE = wholemodule;
				SWIFT_OPTIMIZATION_LEVEL = "-O";
				VALIDATE_PRODUCT = YES;
			};
			name = Release;
		};
		A36799C12A0BB9B400F56B46 /* Debug */ = {
			isa = XCBuildConfiguration;
			buildSettings = {
				ASSETCATALOG_COMPILER_APPICON_NAME = AppIcon;
				ASSETCATALOG_COMPILER_GLOBAL_ACCENT_COLOR_NAME = AccentColor;
				CODE_SIGN_STYLE = Automatic;
				CURRENT_PROJECT_VERSION = 1;
				DEVELOPMENT_ASSET_PATHS = "\"ChessGame/Preview Content\"";
				DEVELOPMENT_TEAM = 6DLYAQP65H;
				ENABLE_PREVIEWS = YES;
				GENERATE_INFOPLIST_FILE = YES;
				INFOPLIST_FILE = ChessGame/Info.plist;
				INFOPLIST_KEY_LSApplicationCategoryType = "public.app-category.entertainment";
				INFOPLIST_KEY_UIApplicationSceneManifest_Generation = YES;
				INFOPLIST_KEY_UIApplicationSupportsIndirectInputEvents = YES;
				INFOPLIST_KEY_UILaunchScreen_Generation = YES;
				INFOPLIST_KEY_UISupportedInterfaceOrientations_iPad = "UIInterfaceOrientationPortrait UIInterfaceOrientationPortraitUpsideDown UIInterfaceOrientationLandscapeLeft UIInterfaceOrientationLandscapeRight";
				INFOPLIST_KEY_UISupportedInterfaceOrientations_iPhone = "UIInterfaceOrientationPortrait UIInterfaceOrientationLandscapeLeft UIInterfaceOrientationLandscapeRight";
				LD_RUNPATH_SEARCH_PATHS = (
					"$(inherited)",
					"@executable_path/Frameworks",
				);
				MARKETING_VERSION = 1.0;
				PRODUCT_BUNDLE_IDENTIFIER = com.nademvit.ChessGame;
				PRODUCT_NAME = "$(TARGET_NAME)";
				SWIFT_EMIT_LOC_STRINGS = YES;
				SWIFT_VERSION = 5.0;
				TARGETED_DEVICE_FAMILY = "1,2";
			};
			name = Debug;
		};
		A36799C22A0BB9B400F56B46 /* Release */ = {
			isa = XCBuildConfiguration;
			buildSettings = {
				ASSETCATALOG_COMPILER_APPICON_NAME = AppIcon;
				ASSETCATALOG_COMPILER_GLOBAL_ACCENT_COLOR_NAME = AccentColor;
				CODE_SIGN_STYLE = Automatic;
				CURRENT_PROJECT_VERSION = 1;
				DEVELOPMENT_ASSET_PATHS = "\"ChessGame/Preview Content\"";
				DEVELOPMENT_TEAM = 6DLYAQP65H;
				ENABLE_PREVIEWS = YES;
				GENERATE_INFOPLIST_FILE = YES;
				INFOPLIST_FILE = ChessGame/Info.plist;
				INFOPLIST_KEY_LSApplicationCategoryType = "public.app-category.entertainment";
				INFOPLIST_KEY_UIApplicationSceneManifest_Generation = YES;
				INFOPLIST_KEY_UIApplicationSupportsIndirectInputEvents = YES;
				INFOPLIST_KEY_UILaunchScreen_Generation = YES;
				INFOPLIST_KEY_UISupportedInterfaceOrientations_iPad = "UIInterfaceOrientationPortrait UIInterfaceOrientationPortraitUpsideDown UIInterfaceOrientationLandscapeLeft UIInterfaceOrientationLandscapeRight";
				INFOPLIST_KEY_UISupportedInterfaceOrientations_iPhone = "UIInterfaceOrientationPortrait UIInterfaceOrientationLandscapeLeft UIInterfaceOrientationLandscapeRight";
				LD_RUNPATH_SEARCH_PATHS = (
					"$(inherited)",
					"@executable_path/Frameworks",
				);
				MARKETING_VERSION = 1.0;
				PRODUCT_BUNDLE_IDENTIFIER = com.nademvit.ChessGame;
				PRODUCT_NAME = "$(TARGET_NAME)";
				SWIFT_EMIT_LOC_STRINGS = YES;
				SWIFT_VERSION = 5.0;
				TARGETED_DEVICE_FAMILY = "1,2";
			};
			name = Release;
		};
/* End XCBuildConfiguration section */

/* Begin XCConfigurationList section */
		A36799AD2A0BB9AF00F56B46 /* Build configuration list for PBXProject "ChessGame" */ = {
			isa = XCConfigurationList;
			buildConfigurations = (
				A36799BE2A0BB9B400F56B46 /* Debug */,
				A36799BF2A0BB9B400F56B46 /* Release */,
			);
			defaultConfigurationIsVisible = 0;
			defaultConfigurationName = Release;
		};
		A36799C02A0BB9B400F56B46 /* Build configuration list for PBXNativeTarget "ChessGame" */ = {
			isa = XCConfigurationList;
			buildConfigurations = (
				A36799C12A0BB9B400F56B46 /* Debug */,
				A36799C22A0BB9B400F56B46 /* Release */,
			);
			defaultConfigurationIsVisible = 0;
			defaultConfigurationName = Release;
		};
/* End XCConfigurationList section */

/* Begin XCRemoteSwiftPackageReference section */
		A39F4B562A892E790084CC3E /* XCRemoteSwiftPackageReference "firebase-ios-sdk" */ = {
			isa = XCRemoteSwiftPackageReference;
			repositoryURL = "https://github.com/firebase/firebase-ios-sdk.git";
			requirement = {
				kind = upToNextMajorVersion;
				minimumVersion = 9.0.0;
			};
		};
/* End XCRemoteSwiftPackageReference section */

/* Begin XCSwiftPackageProductDependency section */
		A39F4B572A892E790084CC3E /* FirebaseAuth */ = {
			isa = XCSwiftPackageProductDependency;
			package = A39F4B562A892E790084CC3E /* XCRemoteSwiftPackageReference "firebase-ios-sdk" */;
			productName = FirebaseAuth;
		};
		A39F4B592A892E790084CC3E /* FirebaseDatabase */ = {
			isa = XCSwiftPackageProductDependency;
			package = A39F4B562A892E790084CC3E /* XCRemoteSwiftPackageReference "firebase-ios-sdk" */;
			productName = FirebaseDatabase;
		};
		A39F4B5B2A892E790084CC3E /* FirebaseFirestore */ = {
			isa = XCSwiftPackageProductDependency;
			package = A39F4B562A892E790084CC3E /* XCRemoteSwiftPackageReference "firebase-ios-sdk" */;
			productName = FirebaseFirestore;
		};
/* End XCSwiftPackageProductDependency section */
	};
	rootObject = A36799AA2A0BB9AF00F56B46 /* Project object */;
}
